
Microsoft Visual Studio Solution File, Format Version 12.00
# Visual Studio 15
VisualStudioVersion = 15.0.28307.1209
MinimumVisualStudioVersion = 10.0.40219.1
Project("{FAE04EC0-301F-11D3-BF4B-00C04F79EFBC}") = "WindowsFormsApp1", "WindowsFormsApp1\WindowsFormsApp1.csproj", "{B0AC88B7-515A-4BB5-AF88-0639200A04F1}"
EndProject
Global
	GlobalSection(SolutionConfigurationPlatforms) = preSolution
		Debug|Any CPU = Debug|Any CPU
		Release|Any CPU = Release|Any CPU
	EndGlobalSection
	GlobalSection(ProjectConfigurationPlatforms) = postSolution
		{B0AC88B7-515A-4BB5-AF88-0639200A04F1}.Debug|Any CPU.ActiveCfg = Debug|Any CPU
		{B0AC88B7-515A-4BB5-AF88-0639200A04F1}.Debug|Any CPU.Build.0 = Debug|Any CPU
		{B0AC88B7-515A-4BB5-AF88-0639200A04F1}.Release|Any CPU.ActiveCfg = Release|Any CPU
		{B0AC88B7-515A-4BB5-AF88-0639200A04F1}.Release|Any CPU.Build.0 = Release|Any CPU
	EndGlobalSection
	GlobalSection(SolutionProperties) = preSolution
		HideSolutionNode = FALSE
	EndGlobalSection
	GlobalSection(ExtensibilityGlobals) = postSolution
		SolutionGuid = {EB08CE0C-CE70-4252-9B47-676B042652EF}
	EndGlobalSection
EndGlobal
